
Microsoft Visual Studio Solution File, Format Version 12.00
# Visual Studio Version 16
VisualStudioVersion = 16.0.29411.108
MinimumVisualStudioVersion = 10.0.40219.1
Project("{9A19103F-16F7-4668-BE54-9A1E7A4F7556}") = "Sum.Api", "Sum.Api\Sum.Api.csproj", "{9CD6ED76-0233-47EB-8A1B-1B97BC3323EE}"
EndProject
Project("{9A19103F-16F7-4668-BE54-9A1E7A4F7556}") = "Sum.Model", "Sum.Model\Sum.Model.csproj", "{F6FC7807-984A-4234-8B24-65CE30E43313}"
EndProject
Project("{9A19103F-16F7-4668-BE54-9A1E7A4F7556}") = "Sum.Domain", "Sum.Domain\Sum.Domain.csproj", "{8297D146-024E-4BBB-A98B-34B311666BEA}"
EndProject
Project("{9A19103F-16F7-4668-BE54-9A1E7A4F7556}") = "Sum.Repository", "Sum.Repository\Sum.Repository.csproj", "{3014F403-9D66-4C52-9929-5F3E36F15549}"
EndProject
Project("{9A19103F-16F7-4668-BE54-9A1E7A4F7556}") = "Sum.Service", "Sum.Service\Sum.Service.csproj", "{3ADE1078-DBB9-4010-A63A-48C2A26F4E70}"
EndProject
Project("{9A19103F-16F7-4668-BE54-9A1E7A4F7556}") = "Sum.Core", "Sum.Core\Sum.Core.csproj", "{A47EC9C1-DE1E-44BD-BEE4-F1DFA6264124}"
EndProject
Global
	GlobalSection(SolutionConfigurationPlatforms) = preSolution
		Debug|Any CPU = Debug|Any CPU
		Release|Any CPU = Release|Any CPU
	EndGlobalSection
	GlobalSection(ProjectConfigurationPlatforms) = postSolution
		{9CD6ED76-0233-47EB-8A1B-1B97BC3323EE}.Debug|Any CPU.ActiveCfg = Debug|Any CPU
		{9CD6ED76-0233-47EB-8A1B-1B97BC3323EE}.Debug|Any CPU.Build.0 = Debug|Any CPU
		{9CD6ED76-0233-47EB-8A1B-1B97BC3323EE}.Release|Any CPU.ActiveCfg = Release|Any CPU
		{9CD6ED76-0233-47EB-8A1B-1B97BC3323EE}.Release|Any CPU.Build.0 = Release|Any CPU
		{F6FC7807-984A-4234-8B24-65CE30E43313}.Debug|Any CPU.ActiveCfg = Debug|Any CPU
		{F6FC7807-984A-4234-8B24-65CE30E43313}.Debug|Any CPU.Build.0 = Debug|Any CPU
		{F6FC7807-984A-4234-8B24-65CE30E43313}.Release|Any CPU.ActiveCfg = Release|Any CPU
		{F6FC7807-984A-4234-8B24-65CE30E43313}.Release|Any CPU.Build.0 = Release|Any CPU
		{8297D146-024E-4BBB-A98B-34B311666BEA}.Debug|Any CPU.ActiveCfg = Debug|Any CPU
		{8297D146-024E-4BBB-A98B-34B311666BEA}.Debug|Any CPU.Build.0 = Debug|Any CPU
		{8297D146-024E-4BBB-A98B-34B311666BEA}.Release|Any CPU.ActiveCfg = Release|Any CPU
		{8297D146-024E-4BBB-A98B-34B311666BEA}.Release|Any CPU.Build.0 = Release|Any CPU
		{3014F403-9D66-4C52-9929-5F3E36F15549}.Debug|Any CPU.ActiveCfg = Debug|Any CPU
		{3014F403-9D66-4C52-9929-5F3E36F15549}.Debug|Any CPU.Build.0 = Debug|Any CPU
		{3014F403-9D66-4C52-9929-5F3E36F15549}.Release|Any CPU.ActiveCfg = Release|Any CPU
		{3014F403-9D66-4C52-9929-5F3E36F15549}.Release|Any CPU.Build.0 = Release|Any CPU
		{3ADE1078-DBB9-4010-A63A-48C2A26F4E70}.Debug|Any CPU.ActiveCfg = Debug|Any CPU
		{3ADE1078-DBB9-4010-A63A-48C2A26F4E70}.Debug|Any CPU.Build.0 = Debug|Any CPU
		{3ADE1078-DBB9-4010-A63A-48C2A26F4E70}.Release|Any CPU.ActiveCfg = Release|Any CPU
		{3ADE1078-DBB9-4010-A63A-48C2A26F4E70}.Release|Any CPU.Build.0 = Release|Any CPU
		{A47EC9C1-DE1E-44BD-BEE4-F1DFA6264124}.Debug|Any CPU.ActiveCfg = Debug|Any CPU
		{A47EC9C1-DE1E-44BD-BEE4-F1DFA6264124}.Debug|Any CPU.Build.0 = Debug|Any CPU
		{A47EC9C1-DE1E-44BD-BEE4-F1DFA6264124}.Release|Any CPU.ActiveCfg = Release|Any CPU
		{A47EC9C1-DE1E-44BD-BEE4-F1DFA6264124}.Release|Any CPU.Build.0 = Release|Any CPU
	EndGlobalSection
	GlobalSection(SolutionProperties) = preSolution
		HideSolutionNode = FALSE
	EndGlobalSection
	GlobalSection(ExtensibilityGlobals) = postSolution
		SolutionGuid = {714D01A1-6E38-4973-8116-151157C1EE82}
	EndGlobalSection
EndGlobal
